// !$*UTF8*$!
{
	archiveVersion = 1;
	classes = {
	};
	objectVersion = 48;
	objects = {

/* Begin PBXBuildFile section */
		184867B92048F68900ACE301 /* AppDelegate.m in Sources */ = {isa = PBXBuildFile; fileRef = 184867B82048F68900ACE301 /* AppDelegate.m */; };
		184867BC2048F68900ACE301 /* HomeViewController.m in Sources */ = {isa = PBXBuildFile; fileRef = 184867BB2048F68900ACE301 /* HomeViewController.m */; };
		184867C12048F68900ACE301 /* Assets.xcassets in Resources */ = {isa = PBXBuildFile; fileRef = 184867C02048F68900ACE301 /* Assets.xcassets */; };
		184867C42048F68900ACE301 /* LaunchScreen.storyboard in Resources */ = {isa = PBXBuildFile; fileRef = 184867C22048F68900ACE301 /* LaunchScreen.storyboard */; };
		184867C72048F68900ACE301 /* main.m in Sources */ = {isa = PBXBuildFile; fileRef = 184867C62048F68900ACE301 /* main.m */; };
		184867D12048F68900ACE301 /* ZhihuDailyTests.m in Sources */ = {isa = PBXBuildFile; fileRef = 184867D02048F68900ACE301 /* ZhihuDailyTests.m */; };
		184867DC2048F68900ACE301 /* ZhihuDailyUITests.m in Sources */ = {isa = PBXBuildFile; fileRef = 184867DB2048F68900ACE301 /* ZhihuDailyUITests.m */; };
		184867EF2049113B00ACE301 /* HomeTableViewCell.m in Sources */ = {isa = PBXBuildFile; fileRef = 184867EE2049113B00ACE301 /* HomeTableViewCell.m */; };
		184867F320491A4D00ACE301 /* LatestModel.m in Sources */ = {isa = PBXBuildFile; fileRef = 184867F220491A4D00ACE301 /* LatestModel.m */; };
		184867F620491B2E00ACE301 /* StoriesModel.m in Sources */ = {isa = PBXBuildFile; fileRef = 184867F520491B2E00ACE301 /* StoriesModel.m */; };
		184867F9204E592900ACE301 /* PicturesView.m in Sources */ = {isa = PBXBuildFile; fileRef = 184867F8204E592900ACE301 /* PicturesView.m */; };
		184867FC204E5C1800ACE301 /* PicturesImageView.m in Sources */ = {isa = PBXBuildFile; fileRef = 184867FB204E5C1800ACE301 /* PicturesImageView.m */; };
		184867FF204E935B00ACE301 /* PicturesModel.m in Sources */ = {isa = PBXBuildFile; fileRef = 184867FE204E935B00ACE301 /* PicturesModel.m */; };
		1862FD91205147D7007F2F69 /* DetailViewController.m in Sources */ = {isa = PBXBuildFile; fileRef = 1862FD90205147D7007F2F69 /* DetailViewController.m */; };
		1862FD942051480A007F2F69 /* NewsDetailModel.m in Sources */ = {isa = PBXBuildFile; fileRef = 1862FD932051480A007F2F69 /* NewsDetailModel.m */; };
		1862FD9720514AE0007F2F69 /* SectionModel.m in Sources */ = {isa = PBXBuildFile; fileRef = 1862FD9620514AE0007F2F69 /* SectionModel.m */; };
		AF1B697D8252A757E971F053 /* libPods-ZhihuDaily.a in Frameworks */ = {isa = PBXBuildFile; fileRef = 8575D1C739F0DDA9AB511E98 /* libPods-ZhihuDaily.a */; };
/* End PBXBuildFile section */

/* Begin PBXContainerItemProxy section */
		184867CD2048F68900ACE301 /* PBXContainerItemProxy */ = {
			isa = PBXContainerItemProxy;
			containerPortal = 184867AC2048F68800ACE301 /* Project object */;
			proxyType = 1;
			remoteGlobalIDString = 184867B32048F68900ACE301;
			remoteInfo = ZhihuDaily;
		};
		184867D82048F68900ACE301 /* PBXContainerItemProxy */ = {
			isa = PBXContainerItemProxy;
			containerPortal = 184867AC2048F68800ACE301 /* Project object */;
			proxyType = 1;
			remoteGlobalIDString = 184867B32048F68900ACE301;
			remoteInfo = ZhihuDaily;
		};
/* End PBXContainerItemProxy section */

/* Begin PBXFileReference section */
		184867B42048F68900ACE301 /* ZhihuDaily.app */ = {isa = PBXFileReference; explicitFileType = wrapper.application; includeInIndex = 0; path = ZhihuDaily.app; sourceTree = BUILT_PRODUCTS_DIR; };
		184867B72048F68900ACE301 /* AppDelegate.h */ = {isa = PBXFileReference; lastKnownFileType = sourcecode.c.h; path = AppDelegate.h; sourceTree = "<group>"; };
		184867B82048F68900ACE301 /* AppDelegate.m */ = {isa = PBXFileReference; lastKnownFileType = sourcecode.c.objc; path = AppDelegate.m; sourceTree = "<group>"; };
		184867BA2048F68900ACE301 /* HomeViewController.h */ = {isa = PBXFileReference; lastKnownFileType = sourcecode.c.h; path = HomeViewController.h; sourceTree = "<group>"; };
		184867BB2048F68900ACE301 /* HomeViewController.m */ = {isa = PBXFileReference; lastKnownFileType = sourcecode.c.objc; path = HomeViewController.m; sourceTree = "<group>"; };
		184867C02048F68900ACE301 /* Assets.xcassets */ = {isa = PBXFileReference; lastKnownFileType = folder.assetcatalog; path = Assets.xcassets; sourceTree = "<group>"; };
		184867C32048F68900ACE301 /* Base */ = {isa = PBXFileReference; lastKnownFileType = file.storyboard; name = Base; path = Base.lproj/LaunchScreen.storyboard; sourceTree = "<group>"; };
		184867C52048F68900ACE301 /* Info.plist */ = {isa = PBXFileReference; lastKnownFileType = text.plist.xml; path = Info.plist; sourceTree = "<group>"; };
		184867C62048F68900ACE301 /* main.m */ = {isa = PBXFileReference; lastKnownFileType = sourcecode.c.objc; path = main.m; sourceTree = "<group>"; };
		184867CC2048F68900ACE301 /* ZhihuDailyTests.xctest */ = {isa = PBXFileReference; explicitFileType = wrapper.cfbundle; includeInIndex = 0; path = ZhihuDailyTests.xctest; sourceTree = BUILT_PRODUCTS_DIR; };
		184867D02048F68900ACE301 /* ZhihuDailyTests.m */ = {isa = PBXFileReference; lastKnownFileType = sourcecode.c.objc; path = ZhihuDailyTests.m; sourceTree = "<group>"; };
		184867D22048F68900ACE301 /* Info.plist */ = {isa = PBXFileReference; lastKnownFileType = text.plist.xml; path = Info.plist; sourceTree = "<group>"; };
		184867D72048F68900ACE301 /* ZhihuDailyUITests.xctest */ = {isa = PBXFileReference; explicitFileType = wrapper.cfbundle; includeInIndex = 0; path = ZhihuDailyUITests.xctest; sourceTree = BUILT_PRODUCTS_DIR; };
		184867DB2048F68900ACE301 /* ZhihuDailyUITests.m */ = {isa = PBXFileReference; lastKnownFileType = sourcecode.c.objc; path = ZhihuDailyUITests.m; sourceTree = "<group>"; };
		184867DD2048F68900ACE301 /* Info.plist */ = {isa = PBXFileReference; lastKnownFileType = text.plist.xml; path = Info.plist; sourceTree = "<group>"; };
		184867ED2049113B00ACE301 /* HomeTableViewCell.h */ = {isa = PBXFileReference; lastKnownFileType = sourcecode.c.h; path = HomeTableViewCell.h; sourceTree = "<group>"; };
		184867EE2049113B00ACE301 /* HomeTableViewCell.m */ = {isa = PBXFileReference; lastKnownFileType = sourcecode.c.objc; path = HomeTableViewCell.m; sourceTree = "<group>"; };
		184867F02049130200ACE301 /* zhihu.pch */ = {isa = PBXFileReference; lastKnownFileType = sourcecode.c.h; path = zhihu.pch; sourceTree = "<group>"; };
		184867F120491A4D00ACE301 /* LatestModel.h */ = {isa = PBXFileReference; lastKnownFileType = sourcecode.c.h; path = LatestModel.h; sourceTree = "<group>"; };
		184867F220491A4D00ACE301 /* LatestModel.m */ = {isa = PBXFileReference; lastKnownFileType = sourcecode.c.objc; path = LatestModel.m; sourceTree = "<group>"; };
		184867F420491B2E00ACE301 /* StoriesModel.h */ = {isa = PBXFileReference; lastKnownFileType = sourcecode.c.h; path = StoriesModel.h; sourceTree = "<group>"; };
		184867F520491B2E00ACE301 /* StoriesModel.m */ = {isa = PBXFileReference; lastKnownFileType = sourcecode.c.objc; path = StoriesModel.m; sourceTree = "<group>"; };
		184867F7204E592900ACE301 /* PicturesView.h */ = {isa = PBXFileReference; lastKnownFileType = sourcecode.c.h; path = PicturesView.h; sourceTree = "<group>"; };
		184867F8204E592900ACE301 /* PicturesView.m */ = {isa = PBXFileReference; lastKnownFileType = sourcecode.c.objc; path = PicturesView.m; sourceTree = "<group>"; };
		184867FA204E5C1800ACE301 /* PicturesImageView.h */ = {isa = PBXFileReference; lastKnownFileType = sourcecode.c.h; path = PicturesImageView.h; sourceTree = "<group>"; };
		184867FB204E5C1800ACE301 /* PicturesImageView.m */ = {isa = PBXFileReference; lastKnownFileType = sourcecode.c.objc; path = PicturesImageView.m; sourceTree = "<group>"; };
		184867FD204E935B00ACE301 /* PicturesModel.h */ = {isa = PBXFileReference; lastKnownFileType = sourcecode.c.h; path = PicturesModel.h; sourceTree = "<group>"; };
		184867FE204E935B00ACE301 /* PicturesModel.m */ = {isa = PBXFileReference; lastKnownFileType = sourcecode.c.objc; path = PicturesModel.m; sourceTree = "<group>"; };
		1862FD8F205147D7007F2F69 /* DetailViewController.h */ = {isa = PBXFileReference; lastKnownFileType = sourcecode.c.h; path = DetailViewController.h; sourceTree = "<group>"; };
		1862FD90205147D7007F2F69 /* DetailViewController.m */ = {isa = PBXFileReference; lastKnownFileType = sourcecode.c.objc; path = DetailViewController.m; sourceTree = "<group>"; };
		1862FD922051480A007F2F69 /* NewsDetailModel.h */ = {isa = PBXFileReference; lastKnownFileType = sourcecode.c.h; path = NewsDetailModel.h; sourceTree = "<group>"; };
		1862FD932051480A007F2F69 /* NewsDetailModel.m */ = {isa = PBXFileReference; lastKnownFileType = sourcecode.c.objc; path = NewsDetailModel.m; sourceTree = "<group>"; };
		1862FD9520514AE0007F2F69 /* SectionModel.h */ = {isa = PBXFileReference; lastKnownFileType = sourcecode.c.h; path = SectionModel.h; sourceTree = "<group>"; };
		1862FD9620514AE0007F2F69 /* SectionModel.m */ = {isa = PBXFileReference; lastKnownFileType = sourcecode.c.objc; path = SectionModel.m; sourceTree = "<group>"; };
		25022B243A28C717CCC65E6B /* Pods-ZhihuDaily.release.xcconfig */ = {isa = PBXFileReference; includeInIndex = 1; lastKnownFileType = text.xcconfig; name = "Pods-ZhihuDaily.release.xcconfig"; path = "Pods/Target Support Files/Pods-ZhihuDaily/Pods-ZhihuDaily.release.xcconfig"; sourceTree = "<group>"; };
		8575D1C739F0DDA9AB511E98 /* libPods-ZhihuDaily.a */ = {isa = PBXFileReference; explicitFileType = archive.ar; includeInIndex = 0; path = "libPods-ZhihuDaily.a"; sourceTree = BUILT_PRODUCTS_DIR; };
		891841C80C0FC85FBB9F3FC1 /* Pods-ZhihuDaily.debug.xcconfig */ = {isa = PBXFileReference; includeInIndex = 1; lastKnownFileType = text.xcconfig; name = "Pods-ZhihuDaily.debug.xcconfig"; path = "Pods/Target Support Files/Pods-ZhihuDaily/Pods-ZhihuDaily.debug.xcconfig"; sourceTree = "<group>"; };
/* End PBXFileReference section */

/* Begin PBXFrameworksBuildPhase section */
		184867B12048F68900ACE301 /* Frameworks */ = {
			isa = PBXFrameworksBuildPhase;
			buildActionMask = 2147483647;
			files = (
				AF1B697D8252A757E971F053 /* libPods-ZhihuDaily.a in Frameworks */,
			);
			runOnlyForDeploymentPostprocessing = 0;
		};
		184867C92048F68900ACE301 /* Frameworks */ = {
			isa = PBXFrameworksBuildPhase;
			buildActionMask = 2147483647;
			files = (
			);
			runOnlyForDeploymentPostprocessing = 0;
		};
		184867D42048F68900ACE301 /* Frameworks */ = {
			isa = PBXFrameworksBuildPhase;
			buildActionMask = 2147483647;
			files = (
			);
			runOnlyForDeploymentPostprocessing = 0;
		};
/* End PBXFrameworksBuildPhase section */

/* Begin PBXGroup section */
		184867AB2048F68800ACE301 = {
			isa = PBXGroup;
			children = (
				184867B62048F68900ACE301 /* ZhihuDaily */,
				184867CF2048F68900ACE301 /* ZhihuDailyTests */,
				184867DA2048F68900ACE301 /* ZhihuDailyUITests */,
				184867B52048F68900ACE301 /* Products */,
				F73A379ADB325E1B8C75A991 /* Pods */,
				53E492458F1849F97B627ED7 /* Frameworks */,
			);
			sourceTree = "<group>";
		};
		184867B52048F68900ACE301 /* Products */ = {
			isa = PBXGroup;
			children = (
				184867B42048F68900ACE301 /* ZhihuDaily.app */,
				184867CC2048F68900ACE301 /* ZhihuDailyTests.xctest */,
				184867D72048F68900ACE301 /* ZhihuDailyUITests.xctest */,
			);
			name = Products;
			sourceTree = "<group>";
		};
		184867B62048F68900ACE301 /* ZhihuDaily */ = {
			isa = PBXGroup;
			children = (
				1862FD8B204FD78C007F2F69 /* Detail */,
				184867E920490BC600ACE301 /* Home */,
				184867B72048F68900ACE301 /* AppDelegate.h */,
				184867B82048F68900ACE301 /* AppDelegate.m */,
				184867C02048F68900ACE301 /* Assets.xcassets */,
				184867C22048F68900ACE301 /* LaunchScreen.storyboard */,
				184867C52048F68900ACE301 /* Info.plist */,
				184867C62048F68900ACE301 /* main.m */,
				184867F02049130200ACE301 /* zhihu.pch */,
			);
			path = ZhihuDaily;
			sourceTree = "<group>";
		};
		184867CF2048F68900ACE301 /* ZhihuDailyTests */ = {
			isa = PBXGroup;
			children = (
				184867D02048F68900ACE301 /* ZhihuDailyTests.m */,
				184867D22048F68900ACE301 /* Info.plist */,
			);
			path = ZhihuDailyTests;
			sourceTree = "<group>";
		};
		184867DA2048F68900ACE301 /* ZhihuDailyUITests */ = {
			isa = PBXGroup;
			children = (
				184867DB2048F68900ACE301 /* ZhihuDailyUITests.m */,
				184867DD2048F68900ACE301 /* Info.plist */,
			);
			path = ZhihuDailyUITests;
			sourceTree = "<group>";
		};
		184867E920490BC600ACE301 /* Home */ = {
			isa = PBXGroup;
			children = (
				184867EA20490BC600ACE301 /* Controller */,
				184867EB20490BC600ACE301 /* Model */,
				184867EC20490BC600ACE301 /* View */,
			);
			path = Home;
			sourceTree = SOURCE_ROOT;
		};
		184867EA20490BC600ACE301 /* Controller */ = {
			isa = PBXGroup;
			children = (
				184867BA2048F68900ACE301 /* HomeViewController.h */,
				184867BB2048F68900ACE301 /* HomeViewController.m */,
			);
			path = Controller;
			sourceTree = "<group>";
		};
		184867EB20490BC600ACE301 /* Model */ = {
			isa = PBXGroup;
			children = (
				184867F120491A4D00ACE301 /* LatestModel.h */,
				184867F220491A4D00ACE301 /* LatestModel.m */,
				184867F420491B2E00ACE301 /* StoriesModel.h */,
				184867F520491B2E00ACE301 /* StoriesModel.m */,
				184867FD204E935B00ACE301 /* PicturesModel.h */,
				184867FE204E935B00ACE301 /* PicturesModel.m */,
			);
			path = Model;
			sourceTree = "<group>";
		};
		184867EC20490BC600ACE301 /* View */ = {
			isa = PBXGroup;
			children = (
				184867ED2049113B00ACE301 /* HomeTableViewCell.h */,
				184867EE2049113B00ACE301 /* HomeTableViewCell.m */,
				184867F7204E592900ACE301 /* PicturesView.h */,
				184867F8204E592900ACE301 /* PicturesView.m */,
				184867FA204E5C1800ACE301 /* PicturesImageView.h */,
				184867FB204E5C1800ACE301 /* PicturesImageView.m */,
			);
			path = View;
			sourceTree = "<group>";
		};
		1862FD8B204FD78C007F2F69 /* Detail */ = {
			isa = PBXGroup;
			children = (
				1862FD8C204FD78C007F2F69 /* Controller */,
				1862FD8D204FD78C007F2F69 /* Model */,
				1862FD8E204FD78C007F2F69 /* View */,
			);
			path = Detail;
			sourceTree = SOURCE_ROOT;
		};
		1862FD8C204FD78C007F2F69 /* Controller */ = {
			isa = PBXGroup;
			children = (
				1862FD8F205147D7007F2F69 /* DetailViewController.h */,
				1862FD90205147D7007F2F69 /* DetailViewController.m */,
			);
			path = Controller;
			sourceTree = "<group>";
		};
		1862FD8D204FD78C007F2F69 /* Model */ = {
			isa = PBXGroup;
			children = (
				1862FD922051480A007F2F69 /* NewsDetailModel.h */,
				1862FD932051480A007F2F69 /* NewsDetailModel.m */,
				1862FD9520514AE0007F2F69 /* SectionModel.h */,
				1862FD9620514AE0007F2F69 /* SectionModel.m */,
			);
			path = Model;
			sourceTree = "<group>";
		};
		1862FD8E204FD78C007F2F69 /* View */ = {
			isa = PBXGroup;
			children = (
			);
			path = View;
			sourceTree = "<group>";
		};
		53E492458F1849F97B627ED7 /* Frameworks */ = {
			isa = PBXGroup;
			children = (
				8575D1C739F0DDA9AB511E98 /* libPods-ZhihuDaily.a */,
			);
			name = Frameworks;
			sourceTree = "<group>";
		};
		F73A379ADB325E1B8C75A991 /* Pods */ = {
			isa = PBXGroup;
			children = (
				891841C80C0FC85FBB9F3FC1 /* Pods-ZhihuDaily.debug.xcconfig */,
				25022B243A28C717CCC65E6B /* Pods-ZhihuDaily.release.xcconfig */,
			);
			name = Pods;
			sourceTree = "<group>";
		};
/* End PBXGroup section */

/* Begin PBXNativeTarget section */
		184867B32048F68900ACE301 /* ZhihuDaily */ = {
			isa = PBXNativeTarget;
			buildConfigurationList = 184867E02048F68900ACE301 /* Build configuration list for PBXNativeTarget "ZhihuDaily" */;
			buildPhases = (
				0A658F4BBF8AFF74FBBDD449 /* [CP] Check Pods Manifest.lock */,
				184867B02048F68900ACE301 /* Sources */,
				184867B12048F68900ACE301 /* Frameworks */,
				184867B22048F68900ACE301 /* Resources */,
				79EBF93040CFB543B3ED2021 /* [CP] Embed Pods Frameworks */,
				AED4FA6B022DE0A75428F59A /* [CP] Copy Pods Resources */,
			);
			buildRules = (
			);
			dependencies = (
			);
			name = ZhihuDaily;
			productName = ZhihuDaily;
			productReference = 184867B42048F68900ACE301 /* ZhihuDaily.app */;
			productType = "com.apple.product-type.application";
		};
		184867CB2048F68900ACE301 /* ZhihuDailyTests */ = {
			isa = PBXNativeTarget;
			buildConfigurationList = 184867E32048F68900ACE301 /* Build configuration list for PBXNativeTarget "ZhihuDailyTests" */;
			buildPhases = (
				184867C82048F68900ACE301 /* Sources */,
				184867C92048F68900ACE301 /* Frameworks */,
				184867CA2048F68900ACE301 /* Resources */,
			);
			buildRules = (
			);
			dependencies = (
				184867CE2048F68900ACE301 /* PBXTargetDependency */,
			);
			name = ZhihuDailyTests;
			productName = ZhihuDailyTests;
			productReference = 184867CC2048F68900ACE301 /* ZhihuDailyTests.xctest */;
			productType = "com.apple.product-type.bundle.unit-test";
		};
		184867D62048F68900ACE301 /* ZhihuDailyUITests */ = {
			isa = PBXNativeTarget;
			buildConfigurationList = 184867E62048F68900ACE301 /* Build configuration list for PBXNativeTarget "ZhihuDailyUITests" */;
			buildPhases = (
				184867D32048F68900ACE301 /* Sources */,
				184867D42048F68900ACE301 /* Frameworks */,
				184867D52048F68900ACE301 /* Resources */,
			);
			buildRules = (
			);
			dependencies = (
				184867D92048F68900ACE301 /* PBXTargetDependency */,
			);
			name = ZhihuDailyUITests;
			productName = ZhihuDailyUITests;
			productReference = 184867D72048F68900ACE301 /* ZhihuDailyUITests.xctest */;
			productType = "com.apple.product-type.bundle.ui-testing";
		};
/* End PBXNativeTarget section */

/* Begin PBXProject section */
		184867AC2048F68800ACE301 /* Project object */ = {
			isa = PBXProject;
			attributes = {
				LastUpgradeCheck = 0920;
				ORGANIZATIONNAME = 1;
				TargetAttributes = {
					184867B32048F68900ACE301 = {
						CreatedOnToolsVersion = 9.2;
						ProvisioningStyle = Automatic;
					};
					184867CB2048F68900ACE301 = {
						CreatedOnToolsVersion = 9.2;
						ProvisioningStyle = Automatic;
						TestTargetID = 184867B32048F68900ACE301;
					};
					184867D62048F68900ACE301 = {
						CreatedOnToolsVersion = 9.2;
						ProvisioningStyle = Automatic;
						TestTargetID = 184867B32048F68900ACE301;
					};
				};
			};
			buildConfigurationList = 184867AF2048F68800ACE301 /* Build configuration list for PBXProject "ZhihuDaily" */;
			compatibilityVersion = "Xcode 8.0";
			developmentRegion = en;
			hasScannedForEncodings = 0;
			knownRegions = (
				en,
				Base,
			);
			mainGroup = 184867AB2048F68800ACE301;
			productRefGroup = 184867B52048F68900ACE301 /* Products */;
			projectDirPath = "";
			projectRoot = "";
			targets = (
				184867B32048F68900ACE301 /* ZhihuDaily */,
				184867CB2048F68900ACE301 /* ZhihuDailyTests */,
				184867D62048F68900ACE301 /* ZhihuDailyUITests */,
			);
		};
/* End PBXProject section */

/* Begin PBXResourcesBuildPhase section */
		184867B22048F68900ACE301 /* Resources */ = {
			isa = PBXResourcesBuildPhase;
			buildActionMask = 2147483647;
			files = (
				184867C42048F68900ACE301 /* LaunchScreen.storyboard in Resources */,
				184867C12048F68900ACE301 /* Assets.xcassets in Resources */,
			);
			runOnlyForDeploymentPostprocessing = 0;
		};
		184867CA2048F68900ACE301 /* Resources */ = {
			isa = PBXResourcesBuildPhase;
			buildActionMask = 2147483647;
			files = (
			);
			runOnlyForDeploymentPostprocessing = 0;
		};
		184867D52048F68900ACE301 /* Resources */ = {
			isa = PBXResourcesBuildPhase;
			buildActionMask = 2147483647;
			files = (
			);
			runOnlyForDeploymentPostprocessing = 0;
		};
/* End PBXResourcesBuildPhase section */

/* Begin PBXShellScriptBuildPhase section */
		0A658F4BBF8AFF74FBBDD449 /* [CP] Check Pods Manifest.lock */ = {
			isa = PBXShellScriptBuildPhase;
			buildActionMask = 2147483647;
			files = (
			);
			inputPaths = (
				"${PODS_PODFILE_DIR_PATH}/Podfile.lock",
				"${PODS_ROOT}/Manifest.lock",
			);
			name = "[CP] Check Pods Manifest.lock";
			outputPaths = (
				"$(DERIVED_FILE_DIR)/Pods-ZhihuDaily-checkManifestLockResult.txt",
			);
			runOnlyForDeploymentPostprocessing = 0;
			shellPath = /bin/sh;
			shellScript = "diff \"${PODS_PODFILE_DIR_PATH}/Podfile.lock\" \"${PODS_ROOT}/Manifest.lock\" > /dev/null\nif [ $? != 0 ] ; then\n    # print error to STDERR\n    echo \"error: The sandbox is not in sync with the Podfile.lock. Run 'pod install' or update your CocoaPods installation.\" >&2\n    exit 1\nfi\n# This output is used by Xcode 'outputs' to avoid re-running this script phase.\necho \"SUCCESS\" > \"${SCRIPT_OUTPUT_FILE_0}\"\n";
			showEnvVarsInLog = 0;
		};
		79EBF93040CFB543B3ED2021 /* [CP] Embed Pods Frameworks */ = {
			isa = PBXShellScriptBuildPhase;
			buildActionMask = 2147483647;
			files = (
			);
			inputPaths = (
			);
			name = "[CP] Embed Pods Frameworks";
			outputPaths = (
			);
			runOnlyForDeploymentPostprocessing = 0;
			shellPath = /bin/sh;
			shellScript = "\"${SRCROOT}/Pods/Target Support Files/Pods-ZhihuDaily/Pods-ZhihuDaily-frameworks.sh\"\n";
			showEnvVarsInLog = 0;
		};
		AED4FA6B022DE0A75428F59A /* [CP] Copy Pods Resources */ = {
			isa = PBXShellScriptBuildPhase;
			buildActionMask = 2147483647;
			files = (
			);
			inputPaths = (
			);
			name = "[CP] Copy Pods Resources";
			outputPaths = (
			);
			runOnlyForDeploymentPostprocessing = 0;
			shellPath = /bin/sh;
			shellScript = "\"${SRCROOT}/Pods/Target Support Files/Pods-ZhihuDaily/Pods-ZhihuDaily-resources.sh\"\n";
			showEnvVarsInLog = 0;
		};
/* End PBXShellScriptBuildPhase section */

/* Begin PBXSourcesBuildPhase section */
		184867B02048F68900ACE301 /* Sources */ = {
			isa = PBXSourcesBuildPhase;
			buildActionMask = 2147483647;
			files = (
				184867F9204E592900ACE301 /* PicturesView.m in Sources */,
				184867FF204E935B00ACE301 /* PicturesModel.m in Sources */,
				184867BC2048F68900ACE301 /* HomeViewController.m in Sources */,
				184867C72048F68900ACE301 /* main.m in Sources */,
				184867FC204E5C1800ACE301 /* PicturesImageView.m in Sources */,
				1862FD91205147D7007F2F69 /* DetailViewController.m in Sources */,
				184867F320491A4D00ACE301 /* LatestModel.m in Sources */,
				184867F620491B2E00ACE301 /* StoriesModel.m in Sources */,
				184867EF2049113B00ACE301 /* HomeTableViewCell.m in Sources */,
				1862FD942051480A007F2F69 /* NewsDetailModel.m in Sources */,
				184867B92048F68900ACE301 /* AppDelegate.m in Sources */,
				1862FD9720514AE0007F2F69 /* SectionModel.m in Sources */,
			);
			runOnlyForDeploymentPostprocessing = 0;
		};
		184867C82048F68900ACE301 /* Sources */ = {
			isa = PBXSourcesBuildPhase;
			buildActionMask = 2147483647;
			files = (
				184867D12048F68900ACE301 /* ZhihuDailyTests.m in Sources */,
			);
			runOnlyForDeploymentPostprocessing = 0;
		};
		184867D32048F68900ACE301 /* Sources */ = {
			isa = PBXSourcesBuildPhase;
			buildActionMask = 2147483647;
			files = (
				184867DC2048F68900ACE301 /* ZhihuDailyUITests.m in Sources */,
			);
			runOnlyForDeploymentPostprocessing = 0;
		};
/* End PBXSourcesBuildPhase section */

/* Begin PBXTargetDependency section */
		184867CE2048F68900ACE301 /* PBXTargetDependency */ = {
			isa = PBXTargetDependency;
			target = 184867B32048F68900ACE301 /* ZhihuDaily */;
			targetProxy = 184867CD2048F68900ACE301 /* PBXContainerItemProxy */;
		};
		184867D92048F68900ACE301 /* PBXTargetDependency */ = {
			isa = PBXTargetDependency;
			target = 184867B32048F68900ACE301 /* ZhihuDaily */;
			targetProxy = 184867D82048F68900ACE301 /* PBXContainerItemProxy */;
		};
/* End PBXTargetDependency section */

/* Begin PBXVariantGroup section */
		184867C22048F68900ACE301 /* LaunchScreen.storyboard */ = {
			isa = PBXVariantGroup;
			children = (
				184867C32048F68900ACE301 /* Base */,
			);
			name = LaunchScreen.storyboard;
			sourceTree = "<group>";
		};
/* End PBXVariantGroup section */

/* Begin XCBuildConfiguration section */
		184867DE2048F68900ACE301 /* Debug */ = {
			isa = XCBuildConfiguration;
			buildSettings = {
				ALWAYS_SEARCH_USER_PATHS = NO;
				CLANG_ANALYZER_NONNULL = YES;
				CLANG_ANALYZER_NUMBER_OBJECT_CONVERSION = YES_AGGRESSIVE;
				CLANG_CXX_LANGUAGE_STANDARD = "gnu++14";
				CLANG_CXX_LIBRARY = "libc++";
				CLANG_ENABLE_MODULES = YES;
				CLANG_ENABLE_OBJC_ARC = YES;
				CLANG_WARN_BLOCK_CAPTURE_AUTORELEASING = YES;
				CLANG_WARN_BOOL_CONVERSION = YES;
				CLANG_WARN_COMMA = YES;
				CLANG_WARN_CONSTANT_CONVERSION = YES;
				CLANG_WARN_DIRECT_OBJC_ISA_USAGE = YES_ERROR;
				CLANG_WARN_DOCUMENTATION_COMMENTS = YES;
				CLANG_WARN_EMPTY_BODY = YES;
				CLANG_WARN_ENUM_CONVERSION = YES;
				CLANG_WARN_INFINITE_RECURSION = YES;
				CLANG_WARN_INT_CONVERSION = YES;
				CLANG_WARN_NON_LITERAL_NULL_CONVERSION = YES;
				CLANG_WARN_OBJC_LITERAL_CONVERSION = YES;
				CLANG_WARN_OBJC_ROOT_CLASS = YES_ERROR;
				CLANG_WARN_RANGE_LOOP_ANALYSIS = YES;
				CLANG_WARN_STRICT_PROTOTYPES = YES;
				CLANG_WARN_SUSPICIOUS_MOVE = YES;
				CLANG_WARN_UNGUARDED_AVAILABILITY = YES_AGGRESSIVE;
				CLANG_WARN_UNREACHABLE_CODE = YES;
				CLANG_WARN__DUPLICATE_METHOD_MATCH = YES;
				CODE_SIGN_IDENTITY = "iPhone Developer";
				COPY_PHASE_STRIP = NO;
				DEBUG_INFORMATION_FORMAT = dwarf;
				ENABLE_STRICT_OBJC_MSGSEND = YES;
				ENABLE_TESTABILITY = YES;
				GCC_C_LANGUAGE_STANDARD = gnu11;
				GCC_DYNAMIC_NO_PIC = NO;
				GCC_NO_COMMON_BLOCKS = YES;
				GCC_OPTIMIZATION_LEVEL = 0;
				GCC_PREPROCESSOR_DEFINITIONS = (
					"DEBUG=1",
					"$(inherited)",
				);
				GCC_WARN_64_TO_32_BIT_CONVERSION = YES;
				GCC_WARN_ABOUT_RETURN_TYPE = YES_ERROR;
				GCC_WARN_UNDECLARED_SELECTOR = YES;
				GCC_WARN_UNINITIALIZED_AUTOS = YES_AGGRESSIVE;
				GCC_WARN_UNUSED_FUNCTION = YES;
				GCC_WARN_UNUSED_VARIABLE = YES;
				IPHONEOS_DEPLOYMENT_TARGET = 11.2;
				MTL_ENABLE_DEBUG_INFO = YES;
				ONLY_ACTIVE_ARCH = YES;
				SDKROOT = iphoneos;
			};
			name = Debug;
		};
		184867DF2048F68900ACE301 /* Release */ = {
			isa = XCBuildConfiguration;
			buildSettings = {
				ALWAYS_SEARCH_USER_PATHS = NO;
				CLANG_ANALYZER_NONNULL = YES;
				CLANG_ANALYZER_NUMBER_OBJECT_CONVERSION = YES_AGGRESSIVE;
				CLANG_CXX_LANGUAGE_STANDARD = "gnu++14";
				CLANG_CXX_LIBRARY = "libc++";
				CLANG_ENABLE_MODULES = YES;
				CLANG_ENABLE_OBJC_ARC = YES;
				CLANG_WARN_BLOCK_CAPTURE_AUTORELEASING = YES;
				CLANG_WARN_BOOL_CONVERSION = YES;
				CLANG_WARN_COMMA = YES;
				CLANG_WARN_CONSTANT_CONVERSION = YES;
				CLANG_WARN_DIRECT_OBJC_ISA_USAGE = YES_ERROR;
				CLANG_WARN_DOCUMENTATION_COMMENTS = YES;
				CLANG_WARN_EMPTY_BODY = YES;
				CLANG_WARN_ENUM_CONVERSION = YES;
				CLANG_WARN_INFINITE_RECURSION = YES;
				CLANG_WARN_INT_CONVERSION = YES;
				CLANG_WARN_NON_LITERAL_NULL_CONVERSION = YES;
				CLANG_WARN_OBJC_LITERAL_CONVERSION = YES;
				CLANG_WARN_OBJC_ROOT_CLASS = YES_ERROR;
				CLANG_WARN_RANGE_LOOP_ANALYSIS = YES;
				CLANG_WARN_STRICT_PROTOTYPES = YES;
				CLANG_WARN_SUSPICIOUS_MOVE = YES;
				CLANG_WARN_UNGUARDED_AVAILABILITY = YES_AGGRESSIVE;
				CLANG_WARN_UNREACHABLE_CODE = YES;
				CLANG_WARN__DUPLICATE_METHOD_MATCH = YES;
				CODE_SIGN_IDENTITY = "iPhone Developer";
				COPY_PHASE_STRIP = NO;
				DEBUG_INFORMATION_FORMAT = "dwarf-with-dsym";
				ENABLE_NS_ASSERTIONS = NO;
				ENABLE_STRICT_OBJC_MSGSEND = YES;
				GCC_C_LANGUAGE_STANDARD = gnu11;
				GCC_NO_COMMON_BLOCKS = YES;
				GCC_WARN_64_TO_32_BIT_CONVERSION = YES;
				GCC_WARN_ABOUT_RETURN_TYPE = YES_ERROR;
				GCC_WARN_UNDECLARED_SELECTOR = YES;
				GCC_WARN_UNINITIALIZED_AUTOS = YES_AGGRESSIVE;
				GCC_WARN_UNUSED_FUNCTION = YES;
				GCC_WARN_UNUSED_VARIABLE = YES;
				IPHONEOS_DEPLOYMENT_TARGET = 11.2;
				MTL_ENABLE_DEBUG_INFO = NO;
				SDKROOT = iphoneos;
				VALIDATE_PRODUCT = YES;
			};
			name = Release;
		};
		184867E12048F68900ACE301 /* Debug */ = {
			isa = XCBuildConfiguration;
			baseConfigurationReference = 891841C80C0FC85FBB9F3FC1 /* Pods-ZhihuDaily.debug.xcconfig */;
			buildSettings = {
				ASSETCATALOG_COMPILER_APPICON_NAME = AppIcon;
				CODE_SIGN_STYLE = Automatic;
				DEVELOPMENT_TEAM = H2E6QRJVXC;
				GCC_PREFIX_HEADER = "$(SRCROOT)/ZhihuDaily/zhihu.pch";
				INFOPLIST_FILE = ZhihuDaily/Info.plist;
				LD_RUNPATH_SEARCH_PATHS = "$(inherited) @executable_path/Frameworks";
				PRODUCT_BUNDLE_IDENTIFIER = "bay-max.ZhihuDaily";
				PRODUCT_NAME = "$(TARGET_NAME)";
				TARGETED_DEVICE_FAMILY = 1;
			};
			name = Debug;
		};
		184867E22048F68900ACE301 /* Release */ = {
			isa = XCBuildConfiguration;
			baseConfigurationReference = 25022B243A28C717CCC65E6B /* Pods-ZhihuDaily.release.xcconfig */;
			buildSettings = {
				ASSETCATALOG_COMPILER_APPICON_NAME = AppIcon;
				CODE_SIGN_STYLE = Automatic;
				DEVELOPMENT_TEAM = H2E6QRJVXC;
				GCC_PREFIX_HEADER = "$(SRCROOT)/ZhihuDaily/zhihu.pch";
				INFOPLIST_FILE = ZhihuDaily/Info.plist;
				LD_RUNPATH_SEARCH_PATHS = "$(inherited) @executable_path/Frameworks";
				PRODUCT_BUNDLE_IDENTIFIER = "bay-max.ZhihuDaily";
				PRODUCT_NAME = "$(TARGET_NAME)";
				TARGETED_DEVICE_FAMILY = 1;
			};
			name = Release;
		};
		184867E42048F68900ACE301 /* Debug */ = {
			isa = XCBuildConfiguration;
			buildSettings = {
				BUNDLE_LOADER = "$(TEST_HOST)";
				CODE_SIGN_STYLE = Automatic;
				INFOPLIST_FILE = ZhihuDailyTests/Info.plist;
				LD_RUNPATH_SEARCH_PATHS = "$(inherited) @executable_path/Frameworks @loader_path/Frameworks";
				PRODUCT_BUNDLE_IDENTIFIER = "bay-max.ZhihuDailyTests";
				PRODUCT_NAME = "$(TARGET_NAME)";
				TARGETED_DEVICE_FAMILY = "1,2";
				TEST_HOST = "$(BUILT_PRODUCTS_DIR)/ZhihuDaily.app/ZhihuDaily";
			};
			name = Debug;
		};
		184867E52048F68900ACE301 /* Release */ = {
			isa = XCBuildConfiguration;
			buildSettings = {
				BUNDLE_LOADER = "$(TEST_HOST)";
				CODE_SIGN_STYLE = Automatic;
				INFOPLIST_FILE = ZhihuDailyTests/Info.plist;
				LD_RUNPATH_SEARCH_PATHS = "$(inherited) @executable_path/Frameworks @loader_path/Frameworks";
				PRODUCT_BUNDLE_IDENTIFIER = "bay-max.ZhihuDailyTests";
				PRODUCT_NAME = "$(TARGET_NAME)";
				TARGETED_DEVICE_FAMILY = "1,2";
				TEST_HOST = "$(BUILT_PRODUCTS_DIR)/ZhihuDaily.app/ZhihuDaily";
			};
			name = Release;
		};
		184867E72048F68900ACE301 /* Debug */ = {
			isa = XCBuildConfiguration;
			buildSettings = {
				CODE_SIGN_STYLE = Automatic;
				INFOPLIST_FILE = ZhihuDailyUITests/Info.plist;
				LD_RUNPATH_SEARCH_PATHS = "$(inherited) @executable_path/Frameworks @loader_path/Frameworks";
				PRODUCT_BUNDLE_IDENTIFIER = "bay-max.ZhihuDailyUITests";
				PRODUCT_NAME = "$(TARGET_NAME)";
				TARGETED_DEVICE_FAMILY = "1,2";
				TEST_TARGET_NAME = ZhihuDaily;
			};
			name = Debug;
		};
		184867E82048F68900ACE301 /* Release */ = {
			isa = XCBuildConfiguration;
			buildSettings = {
				CODE_SIGN_STYLE = Automatic;
				INFOPLIST_FILE = ZhihuDailyUITests/Info.plist;
				LD_RUNPATH_SEARCH_PATHS = "$(inherited) @executable_path/Frameworks @loader_path/Frameworks";
				PRODUCT_BUNDLE_IDENTIFIER = "bay-max.ZhihuDailyUITests";
				PRODUCT_NAME = "$(TARGET_NAME)";
				TARGETED_DEVICE_FAMILY = "1,2";
				TEST_TARGET_NAME = ZhihuDaily;
			};
			name = Release;
		};
/* End XCBuildConfiguration section */

/* Begin XCConfigurationList section */
		184867AF2048F68800ACE301 /* Build configuration list for PBXProject "ZhihuDaily" */ = {
			isa = XCConfigurationList;
			buildConfigurations = (
				184867DE2048F68900ACE301 /* Debug */,
				184867DF2048F68900ACE301 /* Release */,
			);
			defaultConfigurationIsVisible = 0;
			defaultConfigurationName = Release;
		};
		184867E02048F68900ACE301 /* Build configuration list for PBXNativeTarget "ZhihuDaily" */ = {
			isa = XCConfigurationList;
			buildConfigurations = (
				184867E12048F68900ACE301 /* Debug */,
				184867E22048F68900ACE301 /* Release */,
			);
			defaultConfigurationIsVisible = 0;
			defaultConfigurationName = Release;
		};
		184867E32048F68900ACE301 /* Build configuration list for PBXNativeTarget "ZhihuDailyTests" */ = {
			isa = XCConfigurationList;
			buildConfigurations = (
				184867E42048F68900ACE301 /* Debug */,
				184867E52048F68900ACE301 /* Release */,
			);
			defaultConfigurationIsVisible = 0;
			defaultConfigurationName = Release;
		};
		184867E62048F68900ACE301 /* Build configuration list for PBXNativeTarget "ZhihuDailyUITests" */ = {
			isa = XCConfigurationList;
			buildConfigurations = (
				184867E72048F68900ACE301 /* Debug */,
				184867E82048F68900ACE301 /* Release */,
			);
			defaultConfigurationIsVisible = 0;
			defaultConfigurationName = Release;
		};
/* End XCConfigurationList section */
	};
	rootObject = 184867AC2048F68800ACE301 /* Project object */;
}
